
Microsoft Visual Studio Solution File, Format Version 12.00
# Visual Studio Version 16
VisualStudioVersion = 16.0.809.10
MinimumVisualStudioVersion = 10.0.40219.1
Project("{FAE04EC0-301F-11D3-BF4B-00C04F79EFBC}") = "WorldWideBasketball", "WorldWideBasketball.csproj", "{EEB56001-B6BE-4CA3-85BB-75AB037F4C40}"
EndProject
Global
	GlobalSection(SolutionConfigurationPlatforms) = preSolution
		Debug|Any CPU = Debug|Any CPU
		Release|Any CPU = Release|Any CPU
	EndGlobalSection
	GlobalSection(ProjectConfigurationPlatforms) = postSolution
		{EEB56001-B6BE-4CA3-85BB-75AB037F4C40}.Debug|Any CPU.ActiveCfg = Debug|Any CPU
		{EEB56001-B6BE-4CA3-85BB-75AB037F4C40}.Debug|Any CPU.Build.0 = Debug|Any CPU
		{EEB56001-B6BE-4CA3-85BB-75AB037F4C40}.Release|Any CPU.ActiveCfg = Release|Any CPU
		{EEB56001-B6BE-4CA3-85BB-75AB037F4C40}.Release|Any CPU.Build.0 = Release|Any CPU
	EndGlobalSection
	GlobalSection(SolutionProperties) = preSolution
		HideSolutionNode = FALSE
	EndGlobalSection
	GlobalSection(ExtensibilityGlobals) = postSolution
		SolutionGuid = {C9BEAFCB-D149-48B8-83A2-20B218765F61}
	EndGlobalSection
EndGlobal
